// !$*UTF8*$!
{
	archiveVersion = 1;
	classes = {
	};
	objectVersion = 50;
	objects = {

/* Begin PBXBuildFile section */
		C98A3B0A24C4E018009387D3 /* AppStoreApp.swift in Sources */ = {isa = PBXBuildFile; fileRef = C98A3B0924C4E018009387D3 /* AppStoreApp.swift */; };
		C98A3B0C24C4E018009387D3 /* AppMainView.swift in Sources */ = {isa = PBXBuildFile; fileRef = C98A3B0B24C4E018009387D3 /* AppMainView.swift */; };
		C98A3B0E24C4E019009387D3 /* Assets.xcassets in Resources */ = {isa = PBXBuildFile; fileRef = C98A3B0D24C4E019009387D3 /* Assets.xcassets */; };
		C98A3B1124C4E019009387D3 /* Preview Assets.xcassets in Resources */ = {isa = PBXBuildFile; fileRef = C98A3B1024C4E019009387D3 /* Preview Assets.xcassets */; };
		C98A3B1E24C4F2DD009387D3 /* TodayTabView.swift in Sources */ = {isa = PBXBuildFile; fileRef = C98A3B1D24C4F2DD009387D3 /* TodayTabView.swift */; };
		C98A3B2024C4F304009387D3 /* GamesTabView.swift in Sources */ = {isa = PBXBuildFile; fileRef = C98A3B1F24C4F304009387D3 /* GamesTabView.swift */; };
		C98A3B2224C4F31F009387D3 /* AppsTabView.swift in Sources */ = {isa = PBXBuildFile; fileRef = C98A3B2124C4F31F009387D3 /* AppsTabView.swift */; };
		C98A3B2424C4F348009387D3 /* ArcadeTabView.swift in Sources */ = {isa = PBXBuildFile; fileRef = C98A3B2324C4F348009387D3 /* ArcadeTabView.swift */; };
		C98A3B2624C4F364009387D3 /* SearchTabView.swift in Sources */ = {isa = PBXBuildFile; fileRef = C98A3B2524C4F364009387D3 /* SearchTabView.swift */; };
		C98A3B2924C4F476009387D3 /* SingleAppGroupView.swift in Sources */ = {isa = PBXBuildFile; fileRef = C98A3B2824C4F476009387D3 /* SingleAppGroupView.swift */; };
		C98A3B2B24C4F490009387D3 /* MultipleAppGroupView.swift in Sources */ = {isa = PBXBuildFile; fileRef = C98A3B2A24C4F490009387D3 /* MultipleAppGroupView.swift */; };
		C98A3B2D24C4F4A8009387D3 /* AppView.swift in Sources */ = {isa = PBXBuildFile; fileRef = C98A3B2C24C4F4A8009387D3 /* AppView.swift */; };
		C98A3B2F24C4F8CB009387D3 /* HeaderView.swift in Sources */ = {isa = PBXBuildFile; fileRef = C98A3B2E24C4F8CB009387D3 /* HeaderView.swift */; };
		C9D4281424C5000800E575A5 /* MultipleAppGroupHeaderView.swift in Sources */ = {isa = PBXBuildFile; fileRef = C9D4281324C5000800E575A5 /* MultipleAppGroupHeaderView.swift */; };
/* End PBXBuildFile section */

/* Begin PBXFileReference section */
		C98A3B0624C4E018009387D3 /* AppStoreReplica.app */ = {isa = PBXFileReference; explicitFileType = wrapper.application; includeInIndex = 0; path = AppStoreReplica.app; sourceTree = BUILT_PRODUCTS_DIR; };
		C98A3B0924C4E018009387D3 /* AppStoreApp.swift */ = {isa = PBXFileReference; lastKnownFileType = sourcecode.swift; path = AppStoreApp.swift; sourceTree = "<group>"; };
		C98A3B0B24C4E018009387D3 /* AppMainView.swift */ = {isa = PBXFileReference; lastKnownFileType = sourcecode.swift; path = AppMainView.swift; sourceTree = "<group>"; };
		C98A3B0D24C4E019009387D3 /* Assets.xcassets */ = {isa = PBXFileReference; lastKnownFileType = folder.assetcatalog; path = Assets.xcassets; sourceTree = "<group>"; };
		C98A3B1024C4E019009387D3 /* Preview Assets.xcassets */ = {isa = PBXFileReference; lastKnownFileType = folder.assetcatalog; path = "Preview Assets.xcassets"; sourceTree = "<group>"; };
		C98A3B1224C4E019009387D3 /* Info.plist */ = {isa = PBXFileReference; lastKnownFileType = text.plist.xml; path = Info.plist; sourceTree = "<group>"; };
		C98A3B1D24C4F2DD009387D3 /* TodayTabView.swift */ = {isa = PBXFileReference; lastKnownFileType = sourcecode.swift; path = TodayTabView.swift; sourceTree = "<group>"; };
		C98A3B1F24C4F304009387D3 /* GamesTabView.swift */ = {isa = PBXFileReference; lastKnownFileType = sourcecode.swift; path = GamesTabView.swift; sourceTree = "<group>"; };
		C98A3B2124C4F31F009387D3 /* AppsTabView.swift */ = {isa = PBXFileReference; lastKnownFileType = sourcecode.swift; path = AppsTabView.swift; sourceTree = "<group>"; };
		C98A3B2324C4F348009387D3 /* ArcadeTabView.swift */ = {isa = PBXFileReference; lastKnownFileType = sourcecode.swift; path = ArcadeTabView.swift; sourceTree = "<group>"; };
		C98A3B2524C4F364009387D3 /* SearchTabView.swift */ = {isa = PBXFileReference; lastKnownFileType = sourcecode.swift; path = SearchTabView.swift; sourceTree = "<group>"; };
		C98A3B2824C4F476009387D3 /* SingleAppGroupView.swift */ = {isa = PBXFileReference; lastKnownFileType = sourcecode.swift; path = SingleAppGroupView.swift; sourceTree = "<group>"; };
		C98A3B2A24C4F490009387D3 /* MultipleAppGroupView.swift */ = {isa = PBXFileReference; lastKnownFileType = sourcecode.swift; path = MultipleAppGroupView.swift; sourceTree = "<group>"; };
		C98A3B2C24C4F4A8009387D3 /* AppView.swift */ = {isa = PBXFileReference; lastKnownFileType = sourcecode.swift; path = AppView.swift; sourceTree = "<group>"; };
		C98A3B2E24C4F8CB009387D3 /* HeaderView.swift */ = {isa = PBXFileReference; lastKnownFileType = sourcecode.swift; path = HeaderView.swift; sourceTree = "<group>"; };
		C9D4281324C5000800E575A5 /* MultipleAppGroupHeaderView.swift */ = {isa = PBXFileReference; lastKnownFileType = sourcecode.swift; path = MultipleAppGroupHeaderView.swift; sourceTree = "<group>"; };
/* End PBXFileReference section */

/* Begin PBXFrameworksBuildPhase section */
		C98A3B0324C4E018009387D3 /* Frameworks */ = {
			isa = PBXFrameworksBuildPhase;
			buildActionMask = 2147483647;
			files = (
			);
			runOnlyForDeploymentPostprocessing = 0;
		};
/* End PBXFrameworksBuildPhase section */

/* Begin PBXGroup section */
		C98A3AFD24C4E018009387D3 = {
			isa = PBXGroup;
			children = (
				C98A3B0824C4E018009387D3 /* AppStoreReplica */,
				C98A3B0724C4E018009387D3 /* Products */,
			);
			sourceTree = "<group>";
		};
		C98A3B0724C4E018009387D3 /* Products */ = {
			isa = PBXGroup;
			children = (
				C98A3B0624C4E018009387D3 /* AppStoreReplica.app */,
			);
			name = Products;
			sourceTree = "<group>";
		};
		C98A3B0824C4E018009387D3 /* AppStoreReplica */ = {
			isa = PBXGroup;
			children = (
				C98A3B3124C4F91B009387D3 /* Supporting files */,
				C98A3B1B24C4F2AA009387D3 /* Views */,
				C98A3B3024C4F90E009387D3 /* Resources */,
				C98A3B0F24C4E019009387D3 /* Preview Content */,
			);
			path = AppStoreReplica;
			sourceTree = "<group>";
		};
		C98A3B0F24C4E019009387D3 /* Preview Content */ = {
			isa = PBXGroup;
			children = (
				C98A3B1024C4E019009387D3 /* Preview Assets.xcassets */,
			);
			path = "Preview Content";
			sourceTree = "<group>";
		};
		C98A3B1B24C4F2AA009387D3 /* Views */ = {
			isa = PBXGroup;
			children = (
				C98A3B1C24C4F2C3009387D3 /* TabViews */,
			);
			path = Views;
			sourceTree = "<group>";
		};
		C98A3B1C24C4F2C3009387D3 /* TabViews */ = {
			isa = PBXGroup;
			children = (
				C98A3B0B24C4E018009387D3 /* AppMainView.swift */,
				C98A3B1D24C4F2DD009387D3 /* TodayTabView.swift */,
				C98A3B1F24C4F304009387D3 /* GamesTabView.swift */,
				C98A3B2124C4F31F009387D3 /* AppsTabView.swift */,
				C98A3B2324C4F348009387D3 /* ArcadeTabView.swift */,
				C98A3B2524C4F364009387D3 /* SearchTabView.swift */,
				C98A3B2724C4F45F009387D3 /* Reusable */,
			);
			path = TabViews;
			sourceTree = "<group>";
		};
		C98A3B2724C4F45F009387D3 /* Reusable */ = {
			isa = PBXGroup;
			children = (
				C98A3B2824C4F476009387D3 /* SingleAppGroupView.swift */,
				C9D4281324C5000800E575A5 /* MultipleAppGroupHeaderView.swift */,
				C98A3B2A24C4F490009387D3 /* MultipleAppGroupView.swift */,
				C98A3B2C24C4F4A8009387D3 /* AppView.swift */,
				C98A3B2E24C4F8CB009387D3 /* HeaderView.swift */,
			);
			path = Reusable;
			sourceTree = "<group>";
		};
		C98A3B3024C4F90E009387D3 /* Resources */ = {
			isa = PBXGroup;
			children = (
				C98A3B0D24C4E019009387D3 /* Assets.xcassets */,
			);
			path = Resources;
			sourceTree = "<group>";
		};
		C98A3B3124C4F91B009387D3 /* Supporting files */ = {
			isa = PBXGroup;
			children = (
				C98A3B1224C4E019009387D3 /* Info.plist */,
				C98A3B0924C4E018009387D3 /* AppStoreApp.swift */,
			);
			path = "Supporting files";
			sourceTree = "<group>";
		};
/* End PBXGroup section */

/* Begin PBXNativeTarget section */
		C98A3B0524C4E018009387D3 /* AppStoreReplica */ = {
			isa = PBXNativeTarget;
			buildConfigurationList = C98A3B1524C4E019009387D3 /* Build configuration list for PBXNativeTarget "AppStoreReplica" */;
			buildPhases = (
				C98A3B0224C4E018009387D3 /* Sources */,
				C98A3B0324C4E018009387D3 /* Frameworks */,
				C98A3B0424C4E018009387D3 /* Resources */,
			);
			buildRules = (
			);
			dependencies = (
			);
			name = AppStoreReplica;
			productName = AppStore;
			productReference = C98A3B0624C4E018009387D3 /* AppStoreReplica.app */;
			productType = "com.apple.product-type.application";
		};
/* End PBXNativeTarget section */

/* Begin PBXProject section */
		C98A3AFE24C4E018009387D3 /* Project object */ = {
			isa = PBXProject;
			attributes = {
				LastSwiftUpdateCheck = 1200;
				LastUpgradeCheck = 1200;
				TargetAttributes = {
					C98A3B0524C4E018009387D3 = {
						CreatedOnToolsVersion = 12.0;
					};
				};
			};
			buildConfigurationList = C98A3B0124C4E018009387D3 /* Build configuration list for PBXProject "AppStoreReplica" */;
			compatibilityVersion = "Xcode 9.3";
			developmentRegion = en;
			hasScannedForEncodings = 0;
			knownRegions = (
				en,
				Base,
			);
			mainGroup = C98A3AFD24C4E018009387D3;
			productRefGroup = C98A3B0724C4E018009387D3 /* Products */;
			projectDirPath = "";
			projectRoot = "";
			targets = (
				C98A3B0524C4E018009387D3 /* AppStoreReplica */,
			);
		};
/* End PBXProject section */

/* Begin PBXResourcesBuildPhase section */
		C98A3B0424C4E018009387D3 /* Resources */ = {
			isa = PBXResourcesBuildPhase;
			buildActionMask = 2147483647;
			files = (
				C98A3B1124C4E019009387D3 /* Preview Assets.xcassets in Resources */,
				C98A3B0E24C4E019009387D3 /* Assets.xcassets in Resources */,
			);
			runOnlyForDeploymentPostprocessing = 0;
		};
/* End PBXResourcesBuildPhase section */

/* Begin PBXSourcesBuildPhase section */
		C98A3B0224C4E018009387D3 /* Sources */ = {
			isa = PBXSourcesBuildPhase;
			buildActionMask = 2147483647;
			files = (
				C98A3B2924C4F476009387D3 /* SingleAppGroupView.swift in Sources */,
				C98A3B2424C4F348009387D3 /* ArcadeTabView.swift in Sources */,
				C98A3B1E24C4F2DD009387D3 /* TodayTabView.swift in Sources */,
				C98A3B2D24C4F4A8009387D3 /* AppView.swift in Sources */,
				C98A3B2024C4F304009387D3 /* GamesTabView.swift in Sources */,
				C98A3B0C24C4E018009387D3 /* AppMainView.swift in Sources */,
				C9D4281424C5000800E575A5 /* MultipleAppGroupHeaderView.swift in Sources */,
				C98A3B2224C4F31F009387D3 /* AppsTabView.swift in Sources */,
				C98A3B2F24C4F8CB009387D3 /* HeaderView.swift in Sources */,
				C98A3B2624C4F364009387D3 /* SearchTabView.swift in Sources */,
				C98A3B2B24C4F490009387D3 /* MultipleAppGroupView.swift in Sources */,
				C98A3B0A24C4E018009387D3 /* AppStoreApp.swift in Sources */,
			);
			runOnlyForDeploymentPostprocessing = 0;
		};
/* End PBXSourcesBuildPhase section */

/* Begin XCBuildConfiguration section */
		C98A3B1324C4E019009387D3 /* Debug */ = {
			isa = XCBuildConfiguration;
			buildSettings = {
				ALWAYS_SEARCH_USER_PATHS = NO;
				CLANG_ANALYZER_NONNULL = YES;
				CLANG_ANALYZER_NUMBER_OBJECT_CONVERSION = YES_AGGRESSIVE;
				CLANG_CXX_LANGUAGE_STANDARD = "gnu++14";
				CLANG_CXX_LIBRARY = "libc++";
				CLANG_ENABLE_MODULES = YES;
				CLANG_ENABLE_OBJC_ARC = YES;
				CLANG_ENABLE_OBJC_WEAK = YES;
				CLANG_WARN_BLOCK_CAPTURE_AUTORELEASING = YES;
				CLANG_WARN_BOOL_CONVERSION = YES;
				CLANG_WARN_COMMA = YES;
				CLANG_WARN_CONSTANT_CONVERSION = YES;
				CLANG_WARN_DEPRECATED_OBJC_IMPLEMENTATIONS = YES;
				CLANG_WARN_DIRECT_OBJC_ISA_USAGE = YES_ERROR;
				CLANG_WARN_DOCUMENTATION_COMMENTS = YES;
				CLANG_WARN_EMPTY_BODY = YES;
				CLANG_WARN_ENUM_CONVERSION = YES;
				CLANG_WARN_INFINITE_RECURSION = YES;
				CLANG_WARN_INT_CONVERSION = YES;
				CLANG_WARN_NON_LITERAL_NULL_CONVERSION = YES;
				CLANG_WARN_OBJC_IMPLICIT_RETAIN_SELF = YES;
				CLANG_WARN_OBJC_LITERAL_CONVERSION = YES;
				CLANG_WARN_OBJC_ROOT_CLASS = YES_ERROR;
				CLANG_WARN_QUOTED_INCLUDE_IN_FRAMEWORK_HEADER = YES;
				CLANG_WARN_RANGE_LOOP_ANALYSIS = YES;
				CLANG_WARN_STRICT_PROTOTYPES = YES;
				CLANG_WARN_SUSPICIOUS_MOVE = YES;
				CLANG_WARN_UNGUARDED_AVAILABILITY = YES_AGGRESSIVE;
				CLANG_WARN_UNREACHABLE_CODE = YES;
				CLANG_WARN__DUPLICATE_METHOD_MATCH = YES;
				COPY_PHASE_STRIP = NO;
				DEBUG_INFORMATION_FORMAT = dwarf;
				ENABLE_STRICT_OBJC_MSGSEND = YES;
				ENABLE_TESTABILITY = YES;
				GCC_C_LANGUAGE_STANDARD = gnu11;
				GCC_DYNAMIC_NO_PIC = NO;
				GCC_NO_COMMON_BLOCKS = YES;
				GCC_OPTIMIZATION_LEVEL = 0;
				GCC_PREPROCESSOR_DEFINITIONS = (
					"DEBUG=1",
					"$(inherited)",
				);
				GCC_WARN_64_TO_32_BIT_CONVERSION = YES;
				GCC_WARN_ABOUT_RETURN_TYPE = YES_ERROR;
				GCC_WARN_UNDECLARED_SELECTOR = YES;
				GCC_WARN_UNINITIALIZED_AUTOS = YES_AGGRESSIVE;
				GCC_WARN_UNUSED_FUNCTION = YES;
				GCC_WARN_UNUSED_VARIABLE = YES;
				IPHONEOS_DEPLOYMENT_TARGET = 14.0;
				MTL_ENABLE_DEBUG_INFO = INCLUDE_SOURCE;
				MTL_FAST_MATH = YES;
				ONLY_ACTIVE_ARCH = YES;
				SDKROOT = iphoneos;
				SWIFT_ACTIVE_COMPILATION_CONDITIONS = DEBUG;
				SWIFT_OPTIMIZATION_LEVEL = "-Onone";
			};
			name = Debug;
		};
		C98A3B1424C4E019009387D3 /* Release */ = {
			isa = XCBuildConfiguration;
			buildSettings = {
				ALWAYS_SEARCH_USER_PATHS = NO;
				CLANG_ANALYZER_NONNULL = YES;
				CLANG_ANALYZER_NUMBER_OBJECT_CONVERSION = YES_AGGRESSIVE;
				CLANG_CXX_LANGUAGE_STANDARD = "gnu++14";
				CLANG_CXX_LIBRARY = "libc++";
				CLANG_ENABLE_MODULES = YES;
				CLANG_ENABLE_OBJC_ARC = YES;
				CLANG_ENABLE_OBJC_WEAK = YES;
				CLANG_WARN_BLOCK_CAPTURE_AUTORELEASING = YES;
				CLANG_WARN_BOOL_CONVERSION = YES;
				CLANG_WARN_COMMA = YES;
				CLANG_WARN_CONSTANT_CONVERSION = YES;
				CLANG_WARN_DEPRECATED_OBJC_IMPLEMENTATIONS = YES;
				CLANG_WARN_DIRECT_OBJC_ISA_USAGE = YES_ERROR;
				CLANG_WARN_DOCUMENTATION_COMMENTS = YES;
				CLANG_WARN_EMPTY_BODY = YES;
				CLANG_WARN_ENUM_CONVERSION = YES;
				CLANG_WARN_INFINITE_RECURSION = YES;
				CLANG_WARN_INT_CONVERSION = YES;
				CLANG_WARN_NON_LITERAL_NULL_CONVERSION = YES;
				CLANG_WARN_OBJC_IMPLICIT_RETAIN_SELF = YES;
				CLANG_WARN_OBJC_LITERAL_CONVERSION = YES;
				CLANG_WARN_OBJC_ROOT_CLASS = YES_ERROR;
				CLANG_WARN_QUOTED_INCLUDE_IN_FRAMEWORK_HEADER = YES;
				CLANG_WARN_RANGE_LOOP_ANALYSIS = YES;
				CLANG_WARN_STRICT_PROTOTYPES = YES;
				CLANG_WARN_SUSPICIOUS_MOVE = YES;
				CLANG_WARN_UNGUARDED_AVAILABILITY = YES_AGGRESSIVE;
				CLANG_WARN_UNREACHABLE_CODE = YES;
				CLANG_WARN__DUPLICATE_METHOD_MATCH = YES;
				COPY_PHASE_STRIP = NO;
				DEBUG_INFORMATION_FORMAT = "dwarf-with-dsym";
				ENABLE_NS_ASSERTIONS = NO;
				ENABLE_STRICT_OBJC_MSGSEND = YES;
				GCC_C_LANGUAGE_STANDARD = gnu11;
				GCC_NO_COMMON_BLOCKS = YES;
				GCC_WARN_64_TO_32_BIT_CONVERSION = YES;
				GCC_WARN_ABOUT_RETURN_TYPE = YES_ERROR;
				GCC_WARN_UNDECLARED_SELECTOR = YES;
				GCC_WARN_UNINITIALIZED_AUTOS = YES_AGGRESSIVE;
				GCC_WARN_UNUSED_FUNCTION = YES;
				GCC_WARN_UNUSED_VARIABLE = YES;
				IPHONEOS_DEPLOYMENT_TARGET = 14.0;
				MTL_ENABLE_DEBUG_INFO = NO;
				MTL_FAST_MATH = YES;
				SDKROOT = iphoneos;
				SWIFT_COMPILATION_MODE = wholemodule;
				SWIFT_OPTIMIZATION_LEVEL = "-O";
				VALIDATE_PRODUCT = YES;
			};
			name = Release;
		};
		C98A3B1624C4E019009387D3 /* Debug */ = {
			isa = XCBuildConfiguration;
			buildSettings = {
				ASSETCATALOG_COMPILER_APPICON_NAME = AppIcon;
				ASSETCATALOG_COMPILER_GLOBAL_ACCENT_COLOR_NAME = AccentColor;
				CODE_SIGN_STYLE = Automatic;
				DEVELOPMENT_ASSET_PATHS = "\"AppStoreReplica/Preview Content\"";
				ENABLE_PREVIEWS = YES;
				INFOPLIST_FILE = "AppStoreReplica/Supporting files/Info.plist";
				IPHONEOS_DEPLOYMENT_TARGET = 14.0;
				LD_RUNPATH_SEARCH_PATHS = (
					"$(inherited)",
					"@executable_path/Frameworks",
				);
				PRODUCT_BUNDLE_IDENTIFIER = com.BEstelrich.AppStoreReplica;
				PRODUCT_NAME = "$(TARGET_NAME)";
				SWIFT_VERSION = 5.0;
				TARGETED_DEVICE_FAMILY = "1,2";
			};
			name = Debug;
		};
		C98A3B1724C4E019009387D3 /* Release */ = {
			isa = XCBuildConfiguration;
			buildSettings = {
				ASSETCATALOG_COMPILER_APPICON_NAME = AppIcon;
				ASSETCATALOG_COMPILER_GLOBAL_ACCENT_COLOR_NAME = AccentColor;
				CODE_SIGN_STYLE = Automatic;
				DEVELOPMENT_ASSET_PATHS = "\"AppStoreReplica/Preview Content\"";
				ENABLE_PREVIEWS = YES;
				INFOPLIST_FILE = "AppStoreReplica/Supporting files/Info.plist";
				IPHONEOS_DEPLOYMENT_TARGET = 14.0;
				LD_RUNPATH_SEARCH_PATHS = (
					"$(inherited)",
					"@executable_path/Frameworks",
				);
				PRODUCT_BUNDLE_IDENTIFIER = com.BEstelrich.AppStoreReplica;
				PRODUCT_NAME = "$(TARGET_NAME)";
				SWIFT_VERSION = 5.0;
				TARGETED_DEVICE_FAMILY = "1,2";
			};
			name = Release;
		};
/* End XCBuildConfiguration section */

/* Begin XCConfigurationList section */
		C98A3B0124C4E018009387D3 /* Build configuration list for PBXProject "AppStoreReplica" */ = {
			isa = XCConfigurationList;
			buildConfigurations = (
				C98A3B1324C4E019009387D3 /* Debug */,
				C98A3B1424C4E019009387D3 /* Release */,
			);
			defaultConfigurationIsVisible = 0;
			defaultConfigurationName = Release;
		};
		C98A3B1524C4E019009387D3 /* Build configuration list for PBXNativeTarget "AppStoreReplica" */ = {
			isa = XCConfigurationList;
			buildConfigurations = (
				C98A3B1624C4E019009387D3 /* Debug */,
				C98A3B1724C4E019009387D3 /* Release */,
			);
			defaultConfigurationIsVisible = 0;
			defaultConfigurationName = Release;
		};
/* End XCConfigurationList section */
	};
	rootObject = C98A3AFE24C4E018009387D3 /* Project object */;
}
