// !$*UTF8*$!
{
	archiveVersion = 1;
	classes = {
	};
	objectVersion = 50;
	objects = {

/* Begin PBXBuildFile section */
		C92112CB24CF927600B74FEE /* DefaultView.swift in Sources */ = {isa = PBXBuildFile; fileRef = C92112CA24CF927600B74FEE /* DefaultView.swift */; };
		C922477F24CF89D10013F293 /* GetButton.swift in Sources */ = {isa = PBXBuildFile; fileRef = C922477E24CF89D10013F293 /* GetButton.swift */; };
		C922478124CF8B250013F293 /* InAppPurchasesLabel.swift in Sources */ = {isa = PBXBuildFile; fileRef = C922478024CF8B250013F293 /* InAppPurchasesLabel.swift */; };
		C922478324CF8BD40013F293 /* TryButton.swift in Sources */ = {isa = PBXBuildFile; fileRef = C922478224CF8BD40013F293 /* TryButton.swift */; };
		C932352224CE18D000D3839F /* SearchBar.swift in Sources */ = {isa = PBXBuildFile; fileRef = C932352124CE18D000D3839F /* SearchBar.swift */; };
		C951D58724D2052F00C4EF26 /* Date+Ext.swift in Sources */ = {isa = PBXBuildFile; fileRef = C951D58624D2052F00C4EF26 /* Date+Ext.swift */; };
		C95A19BC24C5FB2D0055BDA1 /* SingleLineButton.swift in Sources */ = {isa = PBXBuildFile; fileRef = C95A19BB24C5FB2D0055BDA1 /* SingleLineButton.swift */; };
		C95A19BE24C5FB570055BDA1 /* RecentlyUpdatedAppsList.swift in Sources */ = {isa = PBXBuildFile; fileRef = C95A19BD24C5FB570055BDA1 /* RecentlyUpdatedAppsList.swift */; };
		C97D65D324CF8C7C00E1640F /* SectionHeaderBlock.swift in Sources */ = {isa = PBXBuildFile; fileRef = C97D65D224CF8C7C00E1640F /* SectionHeaderBlock.swift */; };
		C98A3B0A24C4E018009387D3 /* AppStoreApp.swift in Sources */ = {isa = PBXBuildFile; fileRef = C98A3B0924C4E018009387D3 /* AppStoreApp.swift */; };
		C98A3B0C24C4E018009387D3 /* AppMainView.swift in Sources */ = {isa = PBXBuildFile; fileRef = C98A3B0B24C4E018009387D3 /* AppMainView.swift */; };
		C98A3B0E24C4E019009387D3 /* Assets.xcassets in Resources */ = {isa = PBXBuildFile; fileRef = C98A3B0D24C4E019009387D3 /* Assets.xcassets */; };
		C98A3B1124C4E019009387D3 /* Preview Assets.xcassets in Resources */ = {isa = PBXBuildFile; fileRef = C98A3B1024C4E019009387D3 /* Preview Assets.xcassets */; };
		C98A3B1E24C4F2DD009387D3 /* TodayTabView.swift in Sources */ = {isa = PBXBuildFile; fileRef = C98A3B1D24C4F2DD009387D3 /* TodayTabView.swift */; };
		C98A3B2024C4F304009387D3 /* GamesTabView.swift in Sources */ = {isa = PBXBuildFile; fileRef = C98A3B1F24C4F304009387D3 /* GamesTabView.swift */; };
		C98A3B2224C4F31F009387D3 /* AppsTabView.swift in Sources */ = {isa = PBXBuildFile; fileRef = C98A3B2124C4F31F009387D3 /* AppsTabView.swift */; };
		C98A3B2424C4F348009387D3 /* ArcadeTabView.swift in Sources */ = {isa = PBXBuildFile; fileRef = C98A3B2324C4F348009387D3 /* ArcadeTabView.swift */; };
		C98A3B2624C4F364009387D3 /* SearchTabView.swift in Sources */ = {isa = PBXBuildFile; fileRef = C98A3B2524C4F364009387D3 /* SearchTabView.swift */; };
		C98A3B2924C4F476009387D3 /* AppCarouselLargeBlock.swift in Sources */ = {isa = PBXBuildFile; fileRef = C98A3B2824C4F476009387D3 /* AppCarouselLargeBlock.swift */; };
		C98A3B2B24C4F490009387D3 /* AppCarouselSmallBlock.swift in Sources */ = {isa = PBXBuildFile; fileRef = C98A3B2A24C4F490009387D3 /* AppCarouselSmallBlock.swift */; };
		C98A3B2D24C4F4A8009387D3 /* AppSmall1Block.swift in Sources */ = {isa = PBXBuildFile; fileRef = C98A3B2C24C4F4A8009387D3 /* AppSmall1Block.swift */; };
		C98A3B2F24C4F8CB009387D3 /* NavigationViewHeaderBlock.swift in Sources */ = {isa = PBXBuildFile; fileRef = C98A3B2E24C4F8CB009387D3 /* NavigationViewHeaderBlock.swift */; };
		C999AF7024CE44E400EB346A /* QuickLinksBlock.swift in Sources */ = {isa = PBXBuildFile; fileRef = C999AF6F24CE44E400EB346A /* QuickLinksBlock.swift */; };
		C999AF7224CE468E00EB346A /* DefaultButton.swift in Sources */ = {isa = PBXBuildFile; fileRef = C999AF7124CE468E00EB346A /* DefaultButton.swift */; };
		C999AF7424CE490600EB346A /* TermsAndConditionsBlock.swift in Sources */ = {isa = PBXBuildFile; fileRef = C999AF7324CE490600EB346A /* TermsAndConditionsBlock.swift */; };
		C9A128E824C5DC88008A54D5 /* AccountView.swift in Sources */ = {isa = PBXBuildFile; fileRef = C9A128E724C5DC88008A54D5 /* AccountView.swift */; };
		C9A128EA24C5DECC008A54D5 /* AccountButton.swift in Sources */ = {isa = PBXBuildFile; fileRef = C9A128E924C5DECC008A54D5 /* AccountButton.swift */; };
		C9A128ED24C5E377008A54D5 /* DismissButton.swift in Sources */ = {isa = PBXBuildFile; fileRef = C9A128EC24C5E377008A54D5 /* DismissButton.swift */; };
		C9C0852424D22E540021C29D /* NavigationViewHeaderWithImageBlock.swift in Sources */ = {isa = PBXBuildFile; fileRef = C9C0852324D22E540021C29D /* NavigationViewHeaderWithImageBlock.swift */; };
		C9C0852624D230AB0021C29D /* AppCarouselExtraLargeBlock.swift in Sources */ = {isa = PBXBuildFile; fileRef = C9C0852524D230AB0021C29D /* AppCarouselExtraLargeBlock.swift */; };
		C9D91B2824C625AC00DB0008 /* DiscoverBlock.swift in Sources */ = {isa = PBXBuildFile; fileRef = C9D91B2724C625AC00DB0008 /* DiscoverBlock.swift */; };
		C9D91B2A24C625CC00DB0008 /* SuggestedAppsBlock.swift in Sources */ = {isa = PBXBuildFile; fileRef = C9D91B2924C625CC00DB0008 /* SuggestedAppsBlock.swift */; };
		C9D91B2C24C643F300DB0008 /* AppSmall2Block.swift in Sources */ = {isa = PBXBuildFile; fileRef = C9D91B2B24C643F300DB0008 /* AppSmall2Block.swift */; };
		C9D91B2F24C6470700DB0008 /* AppLarge1Block.swift in Sources */ = {isa = PBXBuildFile; fileRef = C9D91B2E24C6470700DB0008 /* AppLarge1Block.swift */; };
		C9D91B3224C6477800DB0008 /* AppLarge2Block.swift in Sources */ = {isa = PBXBuildFile; fileRef = C9D91B3124C6477800DB0008 /* AppLarge2Block.swift */; };
		C9D91B3424C6479900DB0008 /* AppLarge3Block.swift in Sources */ = {isa = PBXBuildFile; fileRef = C9D91B3324C6479800DB0008 /* AppLarge3Block.swift */; };
		C9E7620F24CE29F60029264E /* ItemDetailsTextView.swift in Sources */ = {isa = PBXBuildFile; fileRef = C9E7620E24CE29F60029264E /* ItemDetailsTextView.swift */; };
		C9E7621124CE2A500029264E /* ItemTitleTextView.swift in Sources */ = {isa = PBXBuildFile; fileRef = C9E7621024CE2A500029264E /* ItemTitleTextView.swift */; };
		C9E7621424CE326D0029264E /* AppMediumBlock.swift in Sources */ = {isa = PBXBuildFile; fileRef = C9E7621324CE326D0029264E /* AppMediumBlock.swift */; };
		C9E7621624CE38C30029264E /* AppCarouselMediumBlock.swift in Sources */ = {isa = PBXBuildFile; fileRef = C9E7621524CE38C30029264E /* AppCarouselMediumBlock.swift */; };
		C9E7621824CE41050029264E /* SingleLineIconAndButtonView.swift in Sources */ = {isa = PBXBuildFile; fileRef = C9E7621724CE41050029264E /* SingleLineIconAndButtonView.swift */; };
		C9E7621A24CE42F20029264E /* TopCategoriesBlock.swift in Sources */ = {isa = PBXBuildFile; fileRef = C9E7621924CE42F20029264E /* TopCategoriesBlock.swift */; };
		C9F2565F24CF80AD00549B6C /* SectionHeaderExtendedBlock.swift in Sources */ = {isa = PBXBuildFile; fileRef = C9F2565E24CF80AD00549B6C /* SectionHeaderExtendedBlock.swift */; };
		C9F63BA724C5EABC00ECA58B /* ProfileNavigationLink.swift in Sources */ = {isa = PBXBuildFile; fileRef = C9F63BA624C5EABC00ECA58B /* ProfileNavigationLink.swift */; };
		C9F63BAA24C5EAEF00ECA58B /* SingleLineNavigationLink.swift in Sources */ = {isa = PBXBuildFile; fileRef = C9F63BA924C5EAEF00ECA58B /* SingleLineNavigationLink.swift */; };
		C9F63BAC24C5F1A000ECA58B /* DefaultAppButton.swift in Sources */ = {isa = PBXBuildFile; fileRef = C9F63BAB24C5F1A000ECA58B /* DefaultAppButton.swift */; };
/* End PBXBuildFile section */

/* Begin PBXFileReference section */
		C92112CA24CF927600B74FEE /* DefaultView.swift */ = {isa = PBXFileReference; lastKnownFileType = sourcecode.swift; name = DefaultView.swift; path = AppStoreReplica/Views/Screens/DefaultView.swift; sourceTree = SOURCE_ROOT; };
		C922477E24CF89D10013F293 /* GetButton.swift */ = {isa = PBXFileReference; lastKnownFileType = sourcecode.swift; path = GetButton.swift; sourceTree = "<group>"; };
		C922478024CF8B250013F293 /* InAppPurchasesLabel.swift */ = {isa = PBXFileReference; lastKnownFileType = sourcecode.swift; path = InAppPurchasesLabel.swift; sourceTree = "<group>"; };
		C922478224CF8BD40013F293 /* TryButton.swift */ = {isa = PBXFileReference; lastKnownFileType = sourcecode.swift; path = TryButton.swift; sourceTree = "<group>"; };
		C932352124CE18D000D3839F /* SearchBar.swift */ = {isa = PBXFileReference; lastKnownFileType = sourcecode.swift; path = SearchBar.swift; sourceTree = "<group>"; };
		C951D58624D2052F00C4EF26 /* Date+Ext.swift */ = {isa = PBXFileReference; lastKnownFileType = sourcecode.swift; path = "Date+Ext.swift"; sourceTree = "<group>"; };
		C95A19BB24C5FB2D0055BDA1 /* SingleLineButton.swift */ = {isa = PBXFileReference; lastKnownFileType = sourcecode.swift; path = SingleLineButton.swift; sourceTree = "<group>"; };
		C95A19BD24C5FB570055BDA1 /* RecentlyUpdatedAppsList.swift */ = {isa = PBXFileReference; lastKnownFileType = sourcecode.swift; path = RecentlyUpdatedAppsList.swift; sourceTree = "<group>"; };
		C97D65D224CF8C7C00E1640F /* SectionHeaderBlock.swift */ = {isa = PBXFileReference; fileEncoding = 4; lastKnownFileType = sourcecode.swift; path = SectionHeaderBlock.swift; sourceTree = "<group>"; };
		C98A3B0624C4E018009387D3 /* AppStoreReplica.app */ = {isa = PBXFileReference; explicitFileType = wrapper.application; includeInIndex = 0; path = AppStoreReplica.app; sourceTree = BUILT_PRODUCTS_DIR; };
		C98A3B0924C4E018009387D3 /* AppStoreApp.swift */ = {isa = PBXFileReference; lastKnownFileType = sourcecode.swift; path = AppStoreApp.swift; sourceTree = "<group>"; };
		C98A3B0B24C4E018009387D3 /* AppMainView.swift */ = {isa = PBXFileReference; lastKnownFileType = sourcecode.swift; path = AppMainView.swift; sourceTree = "<group>"; };
		C98A3B0D24C4E019009387D3 /* Assets.xcassets */ = {isa = PBXFileReference; lastKnownFileType = folder.assetcatalog; path = Assets.xcassets; sourceTree = "<group>"; };
		C98A3B1024C4E019009387D3 /* Preview Assets.xcassets */ = {isa = PBXFileReference; lastKnownFileType = folder.assetcatalog; path = "Preview Assets.xcassets"; sourceTree = "<group>"; };
		C98A3B1224C4E019009387D3 /* Info.plist */ = {isa = PBXFileReference; lastKnownFileType = text.plist.xml; path = Info.plist; sourceTree = "<group>"; };
		C98A3B1D24C4F2DD009387D3 /* TodayTabView.swift */ = {isa = PBXFileReference; lastKnownFileType = sourcecode.swift; path = TodayTabView.swift; sourceTree = "<group>"; };
		C98A3B1F24C4F304009387D3 /* GamesTabView.swift */ = {isa = PBXFileReference; lastKnownFileType = sourcecode.swift; path = GamesTabView.swift; sourceTree = "<group>"; };
		C98A3B2124C4F31F009387D3 /* AppsTabView.swift */ = {isa = PBXFileReference; lastKnownFileType = sourcecode.swift; path = AppsTabView.swift; sourceTree = "<group>"; };
		C98A3B2324C4F348009387D3 /* ArcadeTabView.swift */ = {isa = PBXFileReference; lastKnownFileType = sourcecode.swift; path = ArcadeTabView.swift; sourceTree = "<group>"; };
		C98A3B2524C4F364009387D3 /* SearchTabView.swift */ = {isa = PBXFileReference; lastKnownFileType = sourcecode.swift; path = SearchTabView.swift; sourceTree = "<group>"; };
		C98A3B2824C4F476009387D3 /* AppCarouselLargeBlock.swift */ = {isa = PBXFileReference; lastKnownFileType = sourcecode.swift; path = AppCarouselLargeBlock.swift; sourceTree = "<group>"; };
		C98A3B2A24C4F490009387D3 /* AppCarouselSmallBlock.swift */ = {isa = PBXFileReference; lastKnownFileType = sourcecode.swift; path = AppCarouselSmallBlock.swift; sourceTree = "<group>"; };
		C98A3B2C24C4F4A8009387D3 /* AppSmall1Block.swift */ = {isa = PBXFileReference; lastKnownFileType = sourcecode.swift; path = AppSmall1Block.swift; sourceTree = "<group>"; };
		C98A3B2E24C4F8CB009387D3 /* NavigationViewHeaderBlock.swift */ = {isa = PBXFileReference; lastKnownFileType = sourcecode.swift; path = NavigationViewHeaderBlock.swift; sourceTree = "<group>"; };
		C999AF6F24CE44E400EB346A /* QuickLinksBlock.swift */ = {isa = PBXFileReference; lastKnownFileType = sourcecode.swift; path = QuickLinksBlock.swift; sourceTree = "<group>"; };
		C999AF7124CE468E00EB346A /* DefaultButton.swift */ = {isa = PBXFileReference; lastKnownFileType = sourcecode.swift; path = DefaultButton.swift; sourceTree = "<group>"; };
		C999AF7324CE490600EB346A /* TermsAndConditionsBlock.swift */ = {isa = PBXFileReference; lastKnownFileType = sourcecode.swift; path = TermsAndConditionsBlock.swift; sourceTree = "<group>"; };
		C9A128E724C5DC88008A54D5 /* AccountView.swift */ = {isa = PBXFileReference; lastKnownFileType = sourcecode.swift; path = AccountView.swift; sourceTree = "<group>"; };
		C9A128E924C5DECC008A54D5 /* AccountButton.swift */ = {isa = PBXFileReference; lastKnownFileType = sourcecode.swift; path = AccountButton.swift; sourceTree = "<group>"; };
		C9A128EC24C5E377008A54D5 /* DismissButton.swift */ = {isa = PBXFileReference; lastKnownFileType = sourcecode.swift; path = DismissButton.swift; sourceTree = "<group>"; };
		C9C0852324D22E540021C29D /* NavigationViewHeaderWithImageBlock.swift */ = {isa = PBXFileReference; lastKnownFileType = sourcecode.swift; path = NavigationViewHeaderWithImageBlock.swift; sourceTree = "<group>"; };
		C9C0852524D230AB0021C29D /* AppCarouselExtraLargeBlock.swift */ = {isa = PBXFileReference; lastKnownFileType = sourcecode.swift; path = AppCarouselExtraLargeBlock.swift; sourceTree = "<group>"; };
		C9D91B2724C625AC00DB0008 /* DiscoverBlock.swift */ = {isa = PBXFileReference; lastKnownFileType = sourcecode.swift; path = DiscoverBlock.swift; sourceTree = "<group>"; };
		C9D91B2924C625CC00DB0008 /* SuggestedAppsBlock.swift */ = {isa = PBXFileReference; lastKnownFileType = sourcecode.swift; path = SuggestedAppsBlock.swift; sourceTree = "<group>"; };
		C9D91B2B24C643F300DB0008 /* AppSmall2Block.swift */ = {isa = PBXFileReference; lastKnownFileType = sourcecode.swift; path = AppSmall2Block.swift; sourceTree = "<group>"; };
		C9D91B2E24C6470700DB0008 /* AppLarge1Block.swift */ = {isa = PBXFileReference; lastKnownFileType = sourcecode.swift; path = AppLarge1Block.swift; sourceTree = "<group>"; };
		C9D91B3124C6477800DB0008 /* AppLarge2Block.swift */ = {isa = PBXFileReference; lastKnownFileType = sourcecode.swift; path = AppLarge2Block.swift; sourceTree = "<group>"; };
		C9D91B3324C6479800DB0008 /* AppLarge3Block.swift */ = {isa = PBXFileReference; lastKnownFileType = sourcecode.swift; path = AppLarge3Block.swift; sourceTree = "<group>"; };
		C9E7620E24CE29F60029264E /* ItemDetailsTextView.swift */ = {isa = PBXFileReference; lastKnownFileType = sourcecode.swift; path = ItemDetailsTextView.swift; sourceTree = "<group>"; };
		C9E7621024CE2A500029264E /* ItemTitleTextView.swift */ = {isa = PBXFileReference; lastKnownFileType = sourcecode.swift; path = ItemTitleTextView.swift; sourceTree = "<group>"; };
		C9E7621324CE326D0029264E /* AppMediumBlock.swift */ = {isa = PBXFileReference; lastKnownFileType = sourcecode.swift; path = AppMediumBlock.swift; sourceTree = "<group>"; };
		C9E7621524CE38C30029264E /* AppCarouselMediumBlock.swift */ = {isa = PBXFileReference; lastKnownFileType = sourcecode.swift; path = AppCarouselMediumBlock.swift; sourceTree = "<group>"; };
		C9E7621724CE41050029264E /* SingleLineIconAndButtonView.swift */ = {isa = PBXFileReference; lastKnownFileType = sourcecode.swift; path = SingleLineIconAndButtonView.swift; sourceTree = "<group>"; };
		C9E7621924CE42F20029264E /* TopCategoriesBlock.swift */ = {isa = PBXFileReference; lastKnownFileType = sourcecode.swift; path = TopCategoriesBlock.swift; sourceTree = "<group>"; };
		C9F2565E24CF80AD00549B6C /* SectionHeaderExtendedBlock.swift */ = {isa = PBXFileReference; lastKnownFileType = sourcecode.swift; path = SectionHeaderExtendedBlock.swift; sourceTree = "<group>"; };
		C9F63BA624C5EABC00ECA58B /* ProfileNavigationLink.swift */ = {isa = PBXFileReference; lastKnownFileType = sourcecode.swift; path = ProfileNavigationLink.swift; sourceTree = "<group>"; };
		C9F63BA924C5EAEF00ECA58B /* SingleLineNavigationLink.swift */ = {isa = PBXFileReference; lastKnownFileType = sourcecode.swift; path = SingleLineNavigationLink.swift; sourceTree = "<group>"; };
		C9F63BAB24C5F1A000ECA58B /* DefaultAppButton.swift */ = {isa = PBXFileReference; lastKnownFileType = sourcecode.swift; path = DefaultAppButton.swift; sourceTree = "<group>"; };
/* End PBXFileReference section */

/* Begin PBXFrameworksBuildPhase section */
		C98A3B0324C4E018009387D3 /* Frameworks */ = {
			isa = PBXFrameworksBuildPhase;
			buildActionMask = 2147483647;
			files = (
			);
			runOnlyForDeploymentPostprocessing = 0;
		};
/* End PBXFrameworksBuildPhase section */

/* Begin PBXGroup section */
		C922478424CF8C2B0013F293 /* Headers */ = {
			isa = PBXGroup;
			children = (
				C98A3B2E24C4F8CB009387D3 /* NavigationViewHeaderBlock.swift */,
				C9C0852324D22E540021C29D /* NavigationViewHeaderWithImageBlock.swift */,
				C97D65D224CF8C7C00E1640F /* SectionHeaderBlock.swift */,
				C9F2565E24CF80AD00549B6C /* SectionHeaderExtendedBlock.swift */,
			);
			path = Headers;
			sourceTree = "<group>";
		};
		C932352324CE1C5200D3839F /* SearchBars */ = {
			isa = PBXGroup;
			children = (
				C932352124CE18D000D3839F /* SearchBar.swift */,
			);
			path = SearchBars;
			sourceTree = "<group>";
		};
		C951D58824D2054B00C4EF26 /* Extensions */ = {
			isa = PBXGroup;
			children = (
				C951D58624D2052F00C4EF26 /* Date+Ext.swift */,
			);
			path = Extensions;
			sourceTree = "<group>";
		};
		C95A19BF24C5FB730055BDA1 /* Lists */ = {
			isa = PBXGroup;
			children = (
				C95A19BD24C5FB570055BDA1 /* RecentlyUpdatedAppsList.swift */,
			);
			path = Lists;
			sourceTree = "<group>";
		};
		C98A3AFD24C4E018009387D3 = {
			isa = PBXGroup;
			children = (
				C98A3B0824C4E018009387D3 /* AppStoreReplica */,
				C98A3B0724C4E018009387D3 /* Products */,
			);
			sourceTree = "<group>";
		};
		C98A3B0724C4E018009387D3 /* Products */ = {
			isa = PBXGroup;
			children = (
				C98A3B0624C4E018009387D3 /* AppStoreReplica.app */,
			);
			name = Products;
			sourceTree = "<group>";
		};
		C98A3B0824C4E018009387D3 /* AppStoreReplica */ = {
			isa = PBXGroup;
			children = (
				C98A3B3124C4F91B009387D3 /* Supporting files */,
				C98A3B1B24C4F2AA009387D3 /* Views */,
				C98A3B3024C4F90E009387D3 /* Resources */,
				C951D58824D2054B00C4EF26 /* Extensions */,
				C98A3B0F24C4E019009387D3 /* Preview Content */,
			);
			path = AppStoreReplica;
			sourceTree = "<group>";
		};
		C98A3B0F24C4E019009387D3 /* Preview Content */ = {
			isa = PBXGroup;
			children = (
				C98A3B1024C4E019009387D3 /* Preview Assets.xcassets */,
			);
			path = "Preview Content";
			sourceTree = "<group>";
		};
		C98A3B1B24C4F2AA009387D3 /* Views */ = {
			isa = PBXGroup;
			children = (
				C98A3B1C24C4F2C3009387D3 /* Screens */,
				C9D91B3024C6474400DB0008 /* Blocks */,
				C9FA305F24C6562500C356ED /* Elements */,
			);
			path = Views;
			sourceTree = "<group>";
		};
		C98A3B1C24C4F2C3009387D3 /* Screens */ = {
			isa = PBXGroup;
			children = (
				C98A3B0B24C4E018009387D3 /* AppMainView.swift */,
				C98A3B1D24C4F2DD009387D3 /* TodayTabView.swift */,
				C98A3B1F24C4F304009387D3 /* GamesTabView.swift */,
				C98A3B2124C4F31F009387D3 /* AppsTabView.swift */,
				C98A3B2324C4F348009387D3 /* ArcadeTabView.swift */,
				C98A3B2524C4F364009387D3 /* SearchTabView.swift */,
				C9A128E724C5DC88008A54D5 /* AccountView.swift */,
				C92112CA24CF927600B74FEE /* DefaultView.swift */,
			);
			path = Screens;
			sourceTree = "<group>";
		};
		C98A3B3024C4F90E009387D3 /* Resources */ = {
			isa = PBXGroup;
			children = (
				C98A3B0D24C4E019009387D3 /* Assets.xcassets */,
			);
			path = Resources;
			sourceTree = "<group>";
		};
		C98A3B3124C4F91B009387D3 /* Supporting files */ = {
			isa = PBXGroup;
			children = (
				C98A3B1224C4E019009387D3 /* Info.plist */,
				C98A3B0924C4E018009387D3 /* AppStoreApp.swift */,
			);
			path = "Supporting files";
			sourceTree = "<group>";
		};
		C9A128EB24C5DF18008A54D5 /* Buttons */ = {
			isa = PBXGroup;
			children = (
				C9A128E924C5DECC008A54D5 /* AccountButton.swift */,
				C9F63BAB24C5F1A000ECA58B /* DefaultAppButton.swift */,
				C9A128EC24C5E377008A54D5 /* DismissButton.swift */,
				C95A19BB24C5FB2D0055BDA1 /* SingleLineButton.swift */,
				C9E7621724CE41050029264E /* SingleLineIconAndButtonView.swift */,
				C999AF7124CE468E00EB346A /* DefaultButton.swift */,
				C922477E24CF89D10013F293 /* GetButton.swift */,
				C922478224CF8BD40013F293 /* TryButton.swift */,
			);
			path = Buttons;
			sourceTree = "<group>";
		};
		C9D91B3024C6474400DB0008 /* Blocks */ = {
			isa = PBXGroup;
			children = (
				C922478424CF8C2B0013F293 /* Headers */,
				C9DA553724CF8DD00062294F /* Carousels */,
				C9DA553624CF8DB90062294F /* Apps */,
				C9DA553824CF8DE30062294F /* Sections */,
			);
			path = Blocks;
			sourceTree = "<group>";
		};
		C9DA553624CF8DB90062294F /* Apps */ = {
			isa = PBXGroup;
			children = (
				C9D91B2E24C6470700DB0008 /* AppLarge1Block.swift */,
				C9D91B3124C6477800DB0008 /* AppLarge2Block.swift */,
				C9D91B3324C6479800DB0008 /* AppLarge3Block.swift */,
				C9E7621324CE326D0029264E /* AppMediumBlock.swift */,
				C98A3B2C24C4F4A8009387D3 /* AppSmall1Block.swift */,
				C9D91B2B24C643F300DB0008 /* AppSmall2Block.swift */,
			);
			path = Apps;
			sourceTree = "<group>";
		};
		C9DA553724CF8DD00062294F /* Carousels */ = {
			isa = PBXGroup;
			children = (
				C98A3B2A24C4F490009387D3 /* AppCarouselSmallBlock.swift */,
				C9E7621524CE38C30029264E /* AppCarouselMediumBlock.swift */,
				C98A3B2824C4F476009387D3 /* AppCarouselLargeBlock.swift */,
				C9C0852524D230AB0021C29D /* AppCarouselExtraLargeBlock.swift */,
			);
			path = Carousels;
			sourceTree = "<group>";
		};
		C9DA553824CF8DE30062294F /* Sections */ = {
			isa = PBXGroup;
			children = (
				C9E7621924CE42F20029264E /* TopCategoriesBlock.swift */,
				C999AF6F24CE44E400EB346A /* QuickLinksBlock.swift */,
				C9D91B2724C625AC00DB0008 /* DiscoverBlock.swift */,
				C9D91B2924C625CC00DB0008 /* SuggestedAppsBlock.swift */,
				C999AF7324CE490600EB346A /* TermsAndConditionsBlock.swift */,
			);
			path = Sections;
			sourceTree = "<group>";
		};
		C9E7621224CE2A7C0029264E /* Labels */ = {
			isa = PBXGroup;
			children = (
				C922478024CF8B250013F293 /* InAppPurchasesLabel.swift */,
				C9E7621024CE2A500029264E /* ItemTitleTextView.swift */,
				C9E7620E24CE29F60029264E /* ItemDetailsTextView.swift */,
			);
			path = Labels;
			sourceTree = "<group>";
		};
		C9F63BA824C5EAC000ECA58B /* NavigationLinks */ = {
			isa = PBXGroup;
			children = (
				C9F63BA624C5EABC00ECA58B /* ProfileNavigationLink.swift */,
				C9F63BA924C5EAEF00ECA58B /* SingleLineNavigationLink.swift */,
			);
			path = NavigationLinks;
			sourceTree = "<group>";
		};
		C9FA305F24C6562500C356ED /* Elements */ = {
			isa = PBXGroup;
			children = (
				C9A128EB24C5DF18008A54D5 /* Buttons */,
				C95A19BF24C5FB730055BDA1 /* Lists */,
				C9F63BA824C5EAC000ECA58B /* NavigationLinks */,
				C932352324CE1C5200D3839F /* SearchBars */,
				C9E7621224CE2A7C0029264E /* Labels */,
			);
			path = Elements;
			sourceTree = "<group>";
		};
/* End PBXGroup section */

/* Begin PBXNativeTarget section */
		C98A3B0524C4E018009387D3 /* AppStoreReplica */ = {
			isa = PBXNativeTarget;
			buildConfigurationList = C98A3B1524C4E019009387D3 /* Build configuration list for PBXNativeTarget "AppStoreReplica" */;
			buildPhases = (
				C98A3B0224C4E018009387D3 /* Sources */,
				C98A3B0324C4E018009387D3 /* Frameworks */,
				C98A3B0424C4E018009387D3 /* Resources */,
			);
			buildRules = (
			);
			dependencies = (
			);
			name = AppStoreReplica;
			productName = AppStore;
			productReference = C98A3B0624C4E018009387D3 /* AppStoreReplica.app */;
			productType = "com.apple.product-type.application";
		};
/* End PBXNativeTarget section */

/* Begin PBXProject section */
		C98A3AFE24C4E018009387D3 /* Project object */ = {
			isa = PBXProject;
			attributes = {
				LastSwiftUpdateCheck = 1200;
				LastUpgradeCheck = 1200;
				TargetAttributes = {
					C98A3B0524C4E018009387D3 = {
						CreatedOnToolsVersion = 12.0;
					};
				};
			};
			buildConfigurationList = C98A3B0124C4E018009387D3 /* Build configuration list for PBXProject "AppStoreReplica" */;
			compatibilityVersion = "Xcode 9.3";
			developmentRegion = en;
			hasScannedForEncodings = 0;
			knownRegions = (
				en,
				Base,
			);
			mainGroup = C98A3AFD24C4E018009387D3;
			productRefGroup = C98A3B0724C4E018009387D3 /* Products */;
			projectDirPath = "";
			projectRoot = "";
			targets = (
				C98A3B0524C4E018009387D3 /* AppStoreReplica */,
			);
		};
/* End PBXProject section */

/* Begin PBXResourcesBuildPhase section */
		C98A3B0424C4E018009387D3 /* Resources */ = {
			isa = PBXResourcesBuildPhase;
			buildActionMask = 2147483647;
			files = (
				C98A3B1124C4E019009387D3 /* Preview Assets.xcassets in Resources */,
				C98A3B0E24C4E019009387D3 /* Assets.xcassets in Resources */,
			);
			runOnlyForDeploymentPostprocessing = 0;
		};
/* End PBXResourcesBuildPhase section */

/* Begin PBXSourcesBuildPhase section */
		C98A3B0224C4E018009387D3 /* Sources */ = {
			isa = PBXSourcesBuildPhase;
			buildActionMask = 2147483647;
			files = (
				C98A3B2924C4F476009387D3 /* AppCarouselLargeBlock.swift in Sources */,
				C9D91B3224C6477800DB0008 /* AppLarge2Block.swift in Sources */,
				C98A3B2424C4F348009387D3 /* ArcadeTabView.swift in Sources */,
				C98A3B1E24C4F2DD009387D3 /* TodayTabView.swift in Sources */,
				C9C0852624D230AB0021C29D /* AppCarouselExtraLargeBlock.swift in Sources */,
				C9D91B2F24C6470700DB0008 /* AppLarge1Block.swift in Sources */,
				C951D58724D2052F00C4EF26 /* Date+Ext.swift in Sources */,
				C98A3B2D24C4F4A8009387D3 /* AppSmall1Block.swift in Sources */,
				C9E7621824CE41050029264E /* SingleLineIconAndButtonView.swift in Sources */,
				C98A3B2024C4F304009387D3 /* GamesTabView.swift in Sources */,
				C9F63BA724C5EABC00ECA58B /* ProfileNavigationLink.swift in Sources */,
				C9E7621124CE2A500029264E /* ItemTitleTextView.swift in Sources */,
				C9F63BAA24C5EAEF00ECA58B /* SingleLineNavigationLink.swift in Sources */,
				C9C0852424D22E540021C29D /* NavigationViewHeaderWithImageBlock.swift in Sources */,
				C98A3B0C24C4E018009387D3 /* AppMainView.swift in Sources */,
				C9D91B2824C625AC00DB0008 /* DiscoverBlock.swift in Sources */,
				C999AF7424CE490600EB346A /* TermsAndConditionsBlock.swift in Sources */,
				C98A3B2224C4F31F009387D3 /* AppsTabView.swift in Sources */,
				C9E7621424CE326D0029264E /* AppMediumBlock.swift in Sources */,
				C9D91B3424C6479900DB0008 /* AppLarge3Block.swift in Sources */,
				C98A3B2F24C4F8CB009387D3 /* NavigationViewHeaderBlock.swift in Sources */,
				C98A3B2624C4F364009387D3 /* SearchTabView.swift in Sources */,
				C92112CB24CF927600B74FEE /* DefaultView.swift in Sources */,
				C999AF7024CE44E400EB346A /* QuickLinksBlock.swift in Sources */,
				C95A19BE24C5FB570055BDA1 /* RecentlyUpdatedAppsList.swift in Sources */,
				C999AF7224CE468E00EB346A /* DefaultButton.swift in Sources */,
				C9F2565F24CF80AD00549B6C /* SectionHeaderExtendedBlock.swift in Sources */,
				C9E7621A24CE42F20029264E /* TopCategoriesBlock.swift in Sources */,
				C98A3B2B24C4F490009387D3 /* AppCarouselSmallBlock.swift in Sources */,
				C9D91B2C24C643F300DB0008 /* AppSmall2Block.swift in Sources */,
				C9D91B2A24C625CC00DB0008 /* SuggestedAppsBlock.swift in Sources */,
				C922478324CF8BD40013F293 /* TryButton.swift in Sources */,
				C932352224CE18D000D3839F /* SearchBar.swift in Sources */,
				C97D65D324CF8C7C00E1640F /* SectionHeaderBlock.swift in Sources */,
				C9F63BAC24C5F1A000ECA58B /* DefaultAppButton.swift in Sources */,
				C922477F24CF89D10013F293 /* GetButton.swift in Sources */,
				C95A19BC24C5FB2D0055BDA1 /* SingleLineButton.swift in Sources */,
				C9A128E824C5DC88008A54D5 /* AccountView.swift in Sources */,
				C9E7621624CE38C30029264E /* AppCarouselMediumBlock.swift in Sources */,
				C922478124CF8B250013F293 /* InAppPurchasesLabel.swift in Sources */,
				C9A128ED24C5E377008A54D5 /* DismissButton.swift in Sources */,
				C98A3B0A24C4E018009387D3 /* AppStoreApp.swift in Sources */,
				C9E7620F24CE29F60029264E /* ItemDetailsTextView.swift in Sources */,
				C9A128EA24C5DECC008A54D5 /* AccountButton.swift in Sources */,
			);
			runOnlyForDeploymentPostprocessing = 0;
		};
/* End PBXSourcesBuildPhase section */

/* Begin XCBuildConfiguration section */
		C98A3B1324C4E019009387D3 /* Debug */ = {
			isa = XCBuildConfiguration;
			buildSettings = {
				ALWAYS_SEARCH_USER_PATHS = NO;
				CLANG_ANALYZER_NONNULL = YES;
				CLANG_ANALYZER_NUMBER_OBJECT_CONVERSION = YES_AGGRESSIVE;
				CLANG_CXX_LANGUAGE_STANDARD = "gnu++14";
				CLANG_CXX_LIBRARY = "libc++";
				CLANG_ENABLE_MODULES = YES;
				CLANG_ENABLE_OBJC_ARC = YES;
				CLANG_ENABLE_OBJC_WEAK = YES;
				CLANG_WARN_BLOCK_CAPTURE_AUTORELEASING = YES;
				CLANG_WARN_BOOL_CONVERSION = YES;
				CLANG_WARN_COMMA = YES;
				CLANG_WARN_CONSTANT_CONVERSION = YES;
				CLANG_WARN_DEPRECATED_OBJC_IMPLEMENTATIONS = YES;
				CLANG_WARN_DIRECT_OBJC_ISA_USAGE = YES_ERROR;
				CLANG_WARN_DOCUMENTATION_COMMENTS = YES;
				CLANG_WARN_EMPTY_BODY = YES;
				CLANG_WARN_ENUM_CONVERSION = YES;
				CLANG_WARN_INFINITE_RECURSION = YES;
				CLANG_WARN_INT_CONVERSION = YES;
				CLANG_WARN_NON_LITERAL_NULL_CONVERSION = YES;
				CLANG_WARN_OBJC_IMPLICIT_RETAIN_SELF = YES;
				CLANG_WARN_OBJC_LITERAL_CONVERSION = YES;
				CLANG_WARN_OBJC_ROOT_CLASS = YES_ERROR;
				CLANG_WARN_QUOTED_INCLUDE_IN_FRAMEWORK_HEADER = YES;
				CLANG_WARN_RANGE_LOOP_ANALYSIS = YES;
				CLANG_WARN_STRICT_PROTOTYPES = YES;
				CLANG_WARN_SUSPICIOUS_MOVE = YES;
				CLANG_WARN_UNGUARDED_AVAILABILITY = YES_AGGRESSIVE;
				CLANG_WARN_UNREACHABLE_CODE = YES;
				CLANG_WARN__DUPLICATE_METHOD_MATCH = YES;
				COPY_PHASE_STRIP = NO;
				DEBUG_INFORMATION_FORMAT = dwarf;
				ENABLE_STRICT_OBJC_MSGSEND = YES;
				ENABLE_TESTABILITY = YES;
				GCC_C_LANGUAGE_STANDARD = gnu11;
				GCC_DYNAMIC_NO_PIC = NO;
				GCC_NO_COMMON_BLOCKS = YES;
				GCC_OPTIMIZATION_LEVEL = 0;
				GCC_PREPROCESSOR_DEFINITIONS = (
					"DEBUG=1",
					"$(inherited)",
				);
				GCC_WARN_64_TO_32_BIT_CONVERSION = YES;
				GCC_WARN_ABOUT_RETURN_TYPE = YES_ERROR;
				GCC_WARN_UNDECLARED_SELECTOR = YES;
				GCC_WARN_UNINITIALIZED_AUTOS = YES_AGGRESSIVE;
				GCC_WARN_UNUSED_FUNCTION = YES;
				GCC_WARN_UNUSED_VARIABLE = YES;
				IPHONEOS_DEPLOYMENT_TARGET = 14.0;
				MTL_ENABLE_DEBUG_INFO = INCLUDE_SOURCE;
				MTL_FAST_MATH = YES;
				ONLY_ACTIVE_ARCH = YES;
				SDKROOT = iphoneos;
				SWIFT_ACTIVE_COMPILATION_CONDITIONS = DEBUG;
				SWIFT_OPTIMIZATION_LEVEL = "-Onone";
			};
			name = Debug;
		};
		C98A3B1424C4E019009387D3 /* Release */ = {
			isa = XCBuildConfiguration;
			buildSettings = {
				ALWAYS_SEARCH_USER_PATHS = NO;
				CLANG_ANALYZER_NONNULL = YES;
				CLANG_ANALYZER_NUMBER_OBJECT_CONVERSION = YES_AGGRESSIVE;
				CLANG_CXX_LANGUAGE_STANDARD = "gnu++14";
				CLANG_CXX_LIBRARY = "libc++";
				CLANG_ENABLE_MODULES = YES;
				CLANG_ENABLE_OBJC_ARC = YES;
				CLANG_ENABLE_OBJC_WEAK = YES;
				CLANG_WARN_BLOCK_CAPTURE_AUTORELEASING = YES;
				CLANG_WARN_BOOL_CONVERSION = YES;
				CLANG_WARN_COMMA = YES;
				CLANG_WARN_CONSTANT_CONVERSION = YES;
				CLANG_WARN_DEPRECATED_OBJC_IMPLEMENTATIONS = YES;
				CLANG_WARN_DIRECT_OBJC_ISA_USAGE = YES_ERROR;
				CLANG_WARN_DOCUMENTATION_COMMENTS = YES;
				CLANG_WARN_EMPTY_BODY = YES;
				CLANG_WARN_ENUM_CONVERSION = YES;
				CLANG_WARN_INFINITE_RECURSION = YES;
				CLANG_WARN_INT_CONVERSION = YES;
				CLANG_WARN_NON_LITERAL_NULL_CONVERSION = YES;
				CLANG_WARN_OBJC_IMPLICIT_RETAIN_SELF = YES;
				CLANG_WARN_OBJC_LITERAL_CONVERSION = YES;
				CLANG_WARN_OBJC_ROOT_CLASS = YES_ERROR;
				CLANG_WARN_QUOTED_INCLUDE_IN_FRAMEWORK_HEADER = YES;
				CLANG_WARN_RANGE_LOOP_ANALYSIS = YES;
				CLANG_WARN_STRICT_PROTOTYPES = YES;
				CLANG_WARN_SUSPICIOUS_MOVE = YES;
				CLANG_WARN_UNGUARDED_AVAILABILITY = YES_AGGRESSIVE;
				CLANG_WARN_UNREACHABLE_CODE = YES;
				CLANG_WARN__DUPLICATE_METHOD_MATCH = YES;
				COPY_PHASE_STRIP = NO;
				DEBUG_INFORMATION_FORMAT = "dwarf-with-dsym";
				ENABLE_NS_ASSERTIONS = NO;
				ENABLE_STRICT_OBJC_MSGSEND = YES;
				GCC_C_LANGUAGE_STANDARD = gnu11;
				GCC_NO_COMMON_BLOCKS = YES;
				GCC_WARN_64_TO_32_BIT_CONVERSION = YES;
				GCC_WARN_ABOUT_RETURN_TYPE = YES_ERROR;
				GCC_WARN_UNDECLARED_SELECTOR = YES;
				GCC_WARN_UNINITIALIZED_AUTOS = YES_AGGRESSIVE;
				GCC_WARN_UNUSED_FUNCTION = YES;
				GCC_WARN_UNUSED_VARIABLE = YES;
				IPHONEOS_DEPLOYMENT_TARGET = 14.0;
				MTL_ENABLE_DEBUG_INFO = NO;
				MTL_FAST_MATH = YES;
				SDKROOT = iphoneos;
				SWIFT_COMPILATION_MODE = wholemodule;
				SWIFT_OPTIMIZATION_LEVEL = "-O";
				VALIDATE_PRODUCT = YES;
			};
			name = Release;
		};
		C98A3B1624C4E019009387D3 /* Debug */ = {
			isa = XCBuildConfiguration;
			buildSettings = {
				ASSETCATALOG_COMPILER_APPICON_NAME = AppIcon;
				ASSETCATALOG_COMPILER_GLOBAL_ACCENT_COLOR_NAME = AccentColor;
				CODE_SIGN_STYLE = Automatic;
				DEVELOPMENT_ASSET_PATHS = "\"AppStoreReplica/Preview Content\"";
				DEVELOPMENT_TEAM = "";
				ENABLE_PREVIEWS = YES;
				INFOPLIST_FILE = "AppStoreReplica/Supporting files/Info.plist";
				IPHONEOS_DEPLOYMENT_TARGET = 14.0;
				LD_RUNPATH_SEARCH_PATHS = (
					"$(inherited)",
					"@executable_path/Frameworks",
				);
				PRODUCT_BUNDLE_IDENTIFIER = com.BEstelrich.AppStoreReplica;
				PRODUCT_NAME = "$(TARGET_NAME)";
				SWIFT_VERSION = 5.0;
				TARGETED_DEVICE_FAMILY = "1,2";
			};
			name = Debug;
		};
		C98A3B1724C4E019009387D3 /* Release */ = {
			isa = XCBuildConfiguration;
			buildSettings = {
				ASSETCATALOG_COMPILER_APPICON_NAME = AppIcon;
				ASSETCATALOG_COMPILER_GLOBAL_ACCENT_COLOR_NAME = AccentColor;
				CODE_SIGN_STYLE = Automatic;
				DEVELOPMENT_ASSET_PATHS = "\"AppStoreReplica/Preview Content\"";
				DEVELOPMENT_TEAM = "";
				ENABLE_PREVIEWS = YES;
				INFOPLIST_FILE = "AppStoreReplica/Supporting files/Info.plist";
				IPHONEOS_DEPLOYMENT_TARGET = 14.0;
				LD_RUNPATH_SEARCH_PATHS = (
					"$(inherited)",
					"@executable_path/Frameworks",
				);
				PRODUCT_BUNDLE_IDENTIFIER = com.BEstelrich.AppStoreReplica;
				PRODUCT_NAME = "$(TARGET_NAME)";
				SWIFT_VERSION = 5.0;
				TARGETED_DEVICE_FAMILY = "1,2";
			};
			name = Release;
		};
/* End XCBuildConfiguration section */

/* Begin XCConfigurationList section */
		C98A3B0124C4E018009387D3 /* Build configuration list for PBXProject "AppStoreReplica" */ = {
			isa = XCConfigurationList;
			buildConfigurations = (
				C98A3B1324C4E019009387D3 /* Debug */,
				C98A3B1424C4E019009387D3 /* Release */,
			);
			defaultConfigurationIsVisible = 0;
			defaultConfigurationName = Release;
		};
		C98A3B1524C4E019009387D3 /* Build configuration list for PBXNativeTarget "AppStoreReplica" */ = {
			isa = XCConfigurationList;
			buildConfigurations = (
				C98A3B1624C4E019009387D3 /* Debug */,
				C98A3B1724C4E019009387D3 /* Release */,
			);
			defaultConfigurationIsVisible = 0;
			defaultConfigurationName = Release;
		};
/* End XCConfigurationList section */
	};
	rootObject = C98A3AFE24C4E018009387D3 /* Project object */;
}
